// !$*UTF8*$!
{
	archiveVersion = 1;
	classes = {
	};
	objectVersion = 77;
	objects = {

/* Begin PBXBuildFile section */
		CF44C4B92F9E8774004D854B /* Domain in Frameworks */ = {isa = PBXBuildFile; productRef = CF44C4B82F9E8774004D854B /* Domain */; };
		CF44C4BC2F9E878E004D854B /* Data in Frameworks */ = {isa = PBXBuildFile; productRef = CF44C4BB2F9E878E004D854B /* Data */; };
/* End PBXBuildFile section */

/* Begin PBXContainerItemProxy section */
		CF7C4ED02F9E7CE8006B681E /* PBXContainerItemProxy */ = {
			isa = PBXContainerItemProxy;
			containerPortal = CF7C4EB52F9E7CE7006B681E /* Project object */;
			proxyType = 1;
			remoteGlobalIDString = CF7C4EBC2F9E7CE7006B681E;
			remoteInfo = MoviesCleanArch;
		};
		CF7C4EDA2F9E7CE8006B681E /* PBXContainerItemProxy */ = {
			isa = PBXContainerItemProxy;
			containerPortal = CF7C4EB52F9E7CE7006B681E /* Project object */;
			proxyType = 1;
			remoteGlobalIDString = CF7C4EBC2F9E7CE7006B681E;
			remoteInfo = MoviesCleanArch;
		};
/* End PBXContainerItemProxy section */

/* Begin PBXFileReference section */
		CF7C4EBD2F9E7CE7006B681E /* MoviesCleanArch.app */ = {isa = PBXFileReference; explicitFileType = wrapper.application; includeInIndex = 0; path = MoviesCleanArch.app; sourceTree = BUILT_PRODUCTS_DIR; };
		CF7C4ECF2F9E7CE8006B681E /* MoviesCleanArchTests.xctest */ = {isa = PBXFileReference; explicitFileType = wrapper.cfbundle; includeInIndex = 0; path = MoviesCleanArchTests.xctest; sourceTree = BUILT_PRODUCTS_DIR; };
		CF7C4ED92F9E7CE8006B681E /* MoviesCleanArchUITests.xctest */ = {isa = PBXFileReference; explicitFileType = wrapper.cfbundle; includeInIndex = 0; path = MoviesCleanArchUITests.xctest; sourceTree = BUILT_PRODUCTS_DIR; };
/* End PBXFileReference section */

/* Begin PBXFileSystemSynchronizedRootGroup section */
		CF7C4EBF2F9E7CE7006B681E /* MoviesCleanArch */ = {
			isa = PBXFileSystemSynchronizedRootGroup;
			path = MoviesCleanArch;
			sourceTree = "<group>";
		};
		CF7C4ED22F9E7CE8006B681E /* MoviesCleanArchTests */ = {
			isa = PBXFileSystemSynchronizedRootGroup;
			path = MoviesCleanArchTests;
			sourceTree = "<group>";
		};
		CF7C4EDC2F9E7CE8006B681E /* MoviesCleanArchUITests */ = {
			isa = PBXFileSystemSynchronizedRootGroup;
			path = MoviesCleanArchUITests;
			sourceTree = "<group>";
		};
/* End PBXFileSystemSynchronizedRootGroup section */

/* Begin PBXFrameworksBuildPhase section */
		CF7C4EBA2F9E7CE7006B681E /* Frameworks */ = {
			isa = PBXFrameworksBuildPhase;
			buildActionMask = 2147483647;
			files = (
				CF44C4BC2F9E878E004D854B /* Data in Frameworks */,
				CF44C4B92F9E8774004D854B /* Domain in Frameworks */,
			);
			runOnlyForDeploymentPostprocessing = 0;
		};
		CF7C4ECC2F9E7CE8006B681E /* Frameworks */ = {
			isa = PBXFrameworksBuildPhase;
			buildActionMask = 2147483647;
			files = (
			);
			runOnlyForDeploymentPostprocessing = 0;
		};
		CF7C4ED62F9E7CE8006B681E /* Frameworks */ = {
			isa = PBXFrameworksBuildPhase;
			buildActionMask = 2147483647;
			files = (
			);
			runOnlyForDeploymentPostprocessing = 0;
		};
/* End PBXFrameworksBuildPhase section */

/* Begin PBXGroup section */
		CF7C4EB42F9E7CE7006B681E = {
			isa = PBXGroup;
			children = (
				CF7C4EBF2F9E7CE7006B681E /* MoviesCleanArch */,
				CF7C4ED22F9E7CE8006B681E /* MoviesCleanArchTests */,
				CF7C4EDC2F9E7CE8006B681E /* MoviesCleanArchUITests */,
				CF7C4EBE2F9E7CE7006B681E /* Products */,
			);
			sourceTree = "<group>";
		};
		CF7C4EBE2F9E7CE7006B681E /* Products */ = {
			isa = PBXGroup;
			children = (
				CF7C4EBD2F9E7CE7006B681E /* MoviesCleanArch.app */,
				CF7C4ECF2F9E7CE8006B681E /* MoviesCleanArchTests.xctest */,
				CF7C4ED92F9E7CE8006B681E /* MoviesCleanArchUITests.xctest */,
			);
			name = Products;
			sourceTree = "<group>";
		};
/* End PBXGroup section */

/* Begin PBXNativeTarget section */
		CF7C4EBC2F9E7CE7006B681E /* MoviesCleanArch */ = {
			isa = PBXNativeTarget;
			buildConfigurationList = CF7C4EE32F9E7CE8006B681E /* Build configuration list for PBXNativeTarget "MoviesCleanArch" */;
			buildPhases = (
				CF7C4EB92F9E7CE7006B681E /* Sources */,
				CF7C4EBA2F9E7CE7006B681E /* Frameworks */,
				CF7C4EBB2F9E7CE7006B681E /* Resources */,
			);
			buildRules = (
			);
			dependencies = (
			);
			fileSystemSynchronizedGroups = (
				CF7C4EBF2F9E7CE7006B681E /* MoviesCleanArch */,
			);
			name = MoviesCleanArch;
			packageProductDependencies = (
				CF44C4B82F9E8774004D854B /* Domain */,
				CF44C4BB2F9E878E004D854B /* Data */,
			);
			productName = MoviesCleanArch;
			productReference = CF7C4EBD2F9E7CE7006B681E /* MoviesCleanArch.app */;
			productType = "com.apple.product-type.application";
		};
		CF7C4ECE2F9E7CE8006B681E /* MoviesCleanArchTests */ = {
			isa = PBXNativeTarget;
			buildConfigurationList = CF7C4EE62F9E7CE8006B681E /* Build configuration list for PBXNativeTarget "MoviesCleanArchTests" */;
			buildPhases = (
				CF7C4ECB2F9E7CE8006B681E /* Sources */,
				CF7C4ECC2F9E7CE8006B681E /* Frameworks */,
				CF7C4ECD2F9E7CE8006B681E /* Resources */,
			);
			buildRules = (
			);
			dependencies = (
				CF7C4ED12F9E7CE8006B681E /* PBXTargetDependency */,
			);
			fileSystemSynchronizedGroups = (
				CF7C4ED22F9E7CE8006B681E /* MoviesCleanArchTests */,
			);
			name = MoviesCleanArchTests;
			packageProductDependencies = (
			);
			productName = MoviesCleanArchTests;
			productReference = CF7C4ECF2F9E7CE8006B681E /* MoviesCleanArchTests.xctest */;
			productType = "com.apple.product-type.bundle.unit-test";
		};
		CF7C4ED82F9E7CE8006B681E /* MoviesCleanArchUITests */ = {
			isa = PBXNativeTarget;
			buildConfigurationList = CF7C4EE92F9E7CE8006B681E /* Build configuration list for PBXNativeTarget "MoviesCleanArchUITests" */;
			buildPhases = (
				CF7C4ED52F9E7CE8006B681E /* Sources */,
				CF7C4ED62F9E7CE8006B681E /* Frameworks */,
				CF7C4ED72F9E7CE8006B681E /* Resources */,
			);
			buildRules = (
			);
			dependencies = (
				CF7C4EDB2F9E7CE8006B681E /* PBXTargetDependency */,
			);
			fileSystemSynchronizedGroups = (
				CF7C4EDC2F9E7CE8006B681E /* MoviesCleanArchUITests */,
			);
			name = MoviesCleanArchUITests;
			packageProductDependencies = (
			);
			productName = MoviesCleanArchUITests;
			productReference = CF7C4ED92F9E7CE8006B681E /* MoviesCleanArchUITests.xctest */;
			productType = "com.apple.product-type.bundle.ui-testing";
		};
/* End PBXNativeTarget section */

/* Begin PBXProject section */
		CF7C4EB52F9E7CE7006B681E /* Project object */ = {
			isa = PBXProject;
			attributes = {
				BuildIndependentTargetsInParallel = 1;
				LastSwiftUpdateCheck = 2610;
				LastUpgradeCheck = 2610;
				TargetAttributes = {
					CF7C4EBC2F9E7CE7006B681E = {
						CreatedOnToolsVersion = 26.1.1;
					};
					CF7C4ECE2F9E7CE8006B681E = {
						CreatedOnToolsVersion = 26.1.1;
						TestTargetID = CF7C4EBC2F9E7CE7006B681E;
					};
					CF7C4ED82F9E7CE8006B681E = {
						CreatedOnToolsVersion = 26.1.1;
						TestTargetID = CF7C4EBC2F9E7CE7006B681E;
					};
				};
			};
			buildConfigurationList = CF7C4EB82F9E7CE7006B681E /* Build configuration list for PBXProject "MoviesCleanArch" */;
			developmentRegion = en;
			hasScannedForEncodings = 0;
			knownRegions = (
				en,
				Base,
			);
			mainGroup = CF7C4EB42F9E7CE7006B681E;
			minimizedProjectReferenceProxies = 1;
			packageReferences = (
				CF44C4B72F9E8774004D854B /* XCLocalSwiftPackageReference "Packages/Domain" */,
				CF44C4BA2F9E878E004D854B /* XCLocalSwiftPackageReference "Packages/Data" */,
			);
			preferredProjectObjectVersion = 77;
			productRefGroup = CF7C4EBE2F9E7CE7006B681E /* Products */;
			projectDirPath = "";
			projectRoot = "";
			targets = (
				CF7C4EBC2F9E7CE7006B681E /* MoviesCleanArch */,
				CF7C4ECE2F9E7CE8006B681E /* MoviesCleanArchTests */,
				CF7C4ED82F9E7CE8006B681E /* MoviesCleanArchUITests */,
			);
		};
/* End PBXProject section */

/* Begin PBXResourcesBuildPhase section */
		CF7C4EBB2F9E7CE7006B681E /* Resources */ = {
			isa = PBXResourcesBuildPhase;
			buildActionMask = 2147483647;
			files = (
			);
			runOnlyForDeploymentPostprocessing = 0;
		};
		CF7C4ECD2F9E7CE8006B681E /* Resources */ = {
			isa = PBXResourcesBuildPhase;
			buildActionMask = 2147483647;
			files = (
			);
			runOnlyForDeploymentPostprocessing = 0;
		};
		CF7C4ED72F9E7CE8006B681E /* Resources */ = {
			isa = PBXResourcesBuildPhase;
			buildActionMask = 2147483647;
			files = (
			);
			runOnlyForDeploymentPostprocessing = 0;
		};
/* End PBXResourcesBuildPhase section */

/* Begin PBXSourcesBuildPhase section */
		CF7C4EB92F9E7CE7006B681E /* Sources */ = {
			isa = PBXSourcesBuildPhase;
			buildActionMask = 2147483647;
			files = (
			);
			runOnlyForDeploymentPostprocessing = 0;
		};
		CF7C4ECB2F9E7CE8006B681E /* Sources */ = {
			isa = PBXSourcesBuildPhase;
			buildActionMask = 2147483647;
			files = (
			);
			runOnlyForDeploymentPostprocessing = 0;
		};
		CF7C4ED52F9E7CE8006B681E /* Sources */ = {
			isa = PBXSourcesBuildPhase;
			buildActionMask = 2147483647;
			files = (
			);
			runOnlyForDeploymentPostprocessing = 0;
		};
/* End PBXSourcesBuildPhase section */

/* Begin PBXTargetDependency section */
		CF7C4ED12F9E7CE8006B681E /* PBXTargetDependency */ = {
			isa = PBXTargetDependency;
			target = CF7C4EBC2F9E7CE7006B681E /* MoviesCleanArch */;
			targetProxy = CF7C4ED02F9E7CE8006B681E /* PBXContainerItemProxy */;
		};
		CF7C4EDB2F9E7CE8006B681E /* PBXTargetDependency */ = {
			isa = PBXTargetDependency;
			target = CF7C4EBC2F9E7CE7006B681E /* MoviesCleanArch */;
			targetProxy = CF7C4EDA2F9E7CE8006B681E /* PBXContainerItemProxy */;
		};
/* End PBXTargetDependency section */

/* Begin XCBuildConfiguration section */
		CF7C4EE12F9E7CE8006B681E /* Debug */ = {
			isa = XCBuildConfiguration;
			buildSettings = {
				ALWAYS_SEARCH_USER_PATHS = NO;
				ASSETCATALOG_COMPILER_GENERATE_SWIFT_ASSET_SYMBOL_EXTENSIONS = YES;
				CLANG_ANALYZER_NONNULL = YES;
				CLANG_ANALYZER_NUMBER_OBJECT_CONVERSION = YES_AGGRESSIVE;
				CLANG_CXX_LANGUAGE_STANDARD = "gnu++20";
				CLANG_ENABLE_MODULES = YES;
				CLANG_ENABLE_OBJC_ARC = YES;
				CLANG_ENABLE_OBJC_WEAK = YES;
				CLANG_WARN_BLOCK_CAPTURE_AUTORELEASING = YES;
				CLANG_WARN_BOOL_CONVERSION = YES;
				CLANG_WARN_COMMA = YES;
				CLANG_WARN_CONSTANT_CONVERSION = YES;
				CLANG_WARN_DEPRECATED_OBJC_IMPLEMENTATIONS = YES;
				CLANG_WARN_DIRECT_OBJC_ISA_USAGE = YES_ERROR;
				CLANG_WARN_DOCUMENTATION_COMMENTS = YES;
				CLANG_WARN_EMPTY_BODY = YES;
				CLANG_WARN_ENUM_CONVERSION = YES;
				CLANG_WARN_INFINITE_RECURSION = YES;
				CLANG_WARN_INT_CONVERSION = YES;
				CLANG_WARN_NON_LITERAL_NULL_CONVERSION = YES;
				CLANG_WARN_OBJC_IMPLICIT_RETAIN_SELF = YES;
				CLANG_WARN_OBJC_LITERAL_CONVERSION = YES;
				CLANG_WARN_OBJC_ROOT_CLASS = YES_ERROR;
				CLANG_WARN_QUOTED_INCLUDE_IN_FRAMEWORK_HEADER = YES;
				CLANG_WARN_RANGE_LOOP_ANALYSIS = YES;
				CLANG_WARN_STRICT_PROTOTYPES = YES;
				CLANG_WARN_SUSPICIOUS_MOVE = YES;
				CLANG_WARN_UNGUARDED_AVAILABILITY = YES_AGGRESSIVE;
				CLANG_WARN_UNREACHABLE_CODE = YES;
				CLANG_WARN__DUPLICATE_METHOD_MATCH = YES;
				COPY_PHASE_STRIP = NO;
				DEBUG_INFORMATION_FORMAT = dwarf;
				DEVELOPMENT_TEAM = 7AYGAZB269;
				ENABLE_STRICT_OBJC_MSGSEND = YES;
				ENABLE_TESTABILITY = YES;
				ENABLE_USER_SCRIPT_SANDBOXING = YES;
				GCC_C_LANGUAGE_STANDARD = gnu17;
				GCC_DYNAMIC_NO_PIC = NO;
				GCC_NO_COMMON_BLOCKS = YES;
				GCC_OPTIMIZATION_LEVEL = 0;
				GCC_PREPROCESSOR_DEFINITIONS = (
					"DEBUG=1",
					"$(inherited)",
				);
				GCC_WARN_64_TO_32_BIT_CONVERSION = YES;
				GCC_WARN_ABOUT_RETURN_TYPE = YES_ERROR;
				GCC_WARN_UNDECLARED_SELECTOR = YES;
				GCC_WARN_UNINITIALIZED_AUTOS = YES_AGGRESSIVE;
				GCC_WARN_UNUSED_FUNCTION = YES;
				GCC_WARN_UNUSED_VARIABLE = YES;
				LOCALIZATION_PREFERS_STRING_CATALOGS = YES;
				MTL_ENABLE_DEBUG_INFO = INCLUDE_SOURCE;
				MTL_FAST_MATH = YES;
				ONLY_ACTIVE_ARCH = YES;
				SWIFT_ACTIVE_COMPILATION_CONDITIONS = "DEBUG $(inherited)";
				SWIFT_OPTIMIZATION_LEVEL = "-Onone";
			};
			name = Debug;
		};
		CF7C4EE22F9E7CE8006B681E /* Release */ = {
			isa = XCBuildConfiguration;
			buildSettings = {
				ALWAYS_SEARCH_USER_PATHS = NO;
				ASSETCATALOG_COMPILER_GENERATE_SWIFT_ASSET_SYMBOL_EXTENSIONS = YES;
				CLANG_ANALYZER_NONNULL = YES;
				CLANG_ANALYZER_NUMBER_OBJECT_CONVERSION = YES_AGGRESSIVE;
				CLANG_CXX_LANGUAGE_STANDARD = "gnu++20";
				CLANG_ENABLE_MODULES = YES;
				CLANG_ENABLE_OBJC_ARC = YES;
				CLANG_ENABLE_OBJC_WEAK = YES;
				CLANG_WARN_BLOCK_CAPTURE_AUTORELEASING = YES;
				CLANG_WARN_BOOL_CONVERSION = YES;
				CLANG_WARN_COMMA = YES;
				CLANG_WARN_CONSTANT_CONVERSION = YES;
				CLANG_WARN_DEPRECATED_OBJC_IMPLEMENTATIONS = YES;
				CLANG_WARN_DIRECT_OBJC_ISA_USAGE = YES_ERROR;
				CLANG_WARN_DOCUMENTATION_COMMENTS = YES;
				CLANG_WARN_EMPTY_BODY = YES;
				CLANG_WARN_ENUM_CONVERSION = YES;
				CLANG_WARN_INFINITE_RECURSION = YES;
				CLANG_WARN_INT_CONVERSION = YES;
				CLANG_WARN_NON_LITERAL_NULL_CONVERSION = YES;
				CLANG_WARN_OBJC_IMPLICIT_RETAIN_SELF = YES;
				CLANG_WARN_OBJC_LITERAL_CONVERSION = YES;
				CLANG_WARN_OBJC_ROOT_CLASS = YES_ERROR;
				CLANG_WARN_QUOTED_INCLUDE_IN_FRAMEWORK_HEADER = YES;
				CLANG_WARN_RANGE_LOOP_ANALYSIS = YES;
				CLANG_WARN_STRICT_PROTOTYPES = YES;
				CLANG_WARN_SUSPICIOUS_MOVE = YES;
				CLANG_WARN_UNGUARDED_AVAILABILITY = YES_AGGRESSIVE;
				CLANG_WARN_UNREACHABLE_CODE = YES;
				CLANG_WARN__DUPLICATE_METHOD_MATCH = YES;
				COPY_PHASE_STRIP = NO;
				DEBUG_INFORMATION_FORMAT = "dwarf-with-dsym";
				DEVELOPMENT_TEAM = 7AYGAZB269;
				ENABLE_NS_ASSERTIONS = NO;
				ENABLE_STRICT_OBJC_MSGSEND = YES;
				ENABLE_USER_SCRIPT_SANDBOXING = YES;
				GCC_C_LANGUAGE_STANDARD = gnu17;
				GCC_NO_COMMON_BLOCKS = YES;
				GCC_WARN_64_TO_32_BIT_CONVERSION = YES;
				GCC_WARN_ABOUT_RETURN_TYPE = YES_ERROR;
				GCC_WARN_UNDECLARED_SELECTOR = YES;
				GCC_WARN_UNINITIALIZED_AUTOS = YES_AGGRESSIVE;
				GCC_WARN_UNUSED_FUNCTION = YES;
				GCC_WARN_UNUSED_VARIABLE = YES;
				LOCALIZATION_PREFERS_STRING_CATALOGS = YES;
				MTL_ENABLE_DEBUG_INFO = NO;
				MTL_FAST_MATH = YES;
				SWIFT_COMPILATION_MODE = wholemodule;
			};
			name = Release;
		};
		CF7C4EE42F9E7CE8006B681E /* Debug */ = {
			isa = XCBuildConfiguration;
			baseConfigurationReferenceAnchor = CF7C4EBF2F9E7CE7006B681E /* MoviesCleanArch */;
			baseConfigurationReferenceRelativePath = Config/Secrets.xcconfig;
			buildSettings = {
				ASSETCATALOG_COMPILER_APPICON_NAME = AppIcon;
				ASSETCATALOG_COMPILER_GLOBAL_ACCENT_COLOR_NAME = AccentColor;
				CODE_SIGN_STYLE = Automatic;
				CURRENT_PROJECT_VERSION = 1;
				DEVELOPMENT_TEAM = 7AYGAZB269;
				ENABLE_APP_SANDBOX = YES;
				ENABLE_HARDENED_RUNTIME = YES;
				ENABLE_PREVIEWS = YES;
				ENABLE_USER_SELECTED_FILES = readonly;
				GENERATE_INFOPLIST_FILE = YES;
				"INFOPLIST_KEY_UIApplicationSceneManifest_Generation[sdk=iphoneos*]" = YES;
				"INFOPLIST_KEY_UIApplicationSceneManifest_Generation[sdk=iphonesimulator*]" = YES;
				"INFOPLIST_KEY_UIApplicationSupportsIndirectInputEvents[sdk=iphoneos*]" = YES;
				"INFOPLIST_KEY_UIApplicationSupportsIndirectInputEvents[sdk=iphonesimulator*]" = YES;
				"INFOPLIST_KEY_UILaunchScreen_Generation[sdk=iphoneos*]" = YES;
				"INFOPLIST_KEY_UILaunchScreen_Generation[sdk=iphonesimulator*]" = YES;
				"INFOPLIST_KEY_UIStatusBarStyle[sdk=iphoneos*]" = UIStatusBarStyleDefault;
				"INFOPLIST_KEY_UIStatusBarStyle[sdk=iphonesimulator*]" = UIStatusBarStyleDefault;
				INFOPLIST_KEY_UISupportedInterfaceOrientations_iPad = "UIInterfaceOrientationPortrait UIInterfaceOrientationPortraitUpsideDown UIInterfaceOrientationLandscapeLeft UIInterfaceOrientationLandscapeRight";
				INFOPLIST_KEY_UISupportedInterfaceOrientations_iPhone = "UIInterfaceOrientationPortrait UIInterfaceOrientationLandscapeLeft UIInterfaceOrientationLandscapeRight";
				IPHONEOS_DEPLOYMENT_TARGET = 26.1;
				LD_RUNPATH_SEARCH_PATHS = "@executable_path/Frameworks";
				"LD_RUNPATH_SEARCH_PATHS[sdk=macosx*]" = "@executable_path/../Frameworks";
				MACOSX_DEPLOYMENT_TARGET = 26.1;
				MARKETING_VERSION = 1.0;
				PRODUCT_BUNDLE_IDENTIFIER = com.amr.MoviesCleanArch;
				PRODUCT_NAME = "$(TARGET_NAME)";
				REGISTER_APP_GROUPS = YES;
				SDKROOT = auto;
				STRING_CATALOG_GENERATE_SYMBOLS = YES;
				SUPPORTED_PLATFORMS = "iphoneos iphonesimulator";
				SUPPORTS_MACCATALYST = NO;
				SWIFT_APPROACHABLE_CONCURRENCY = YES;
				SWIFT_DEFAULT_ACTOR_ISOLATION = MainActor;
				SWIFT_EMIT_LOC_STRINGS = YES;
				SWIFT_UPCOMING_FEATURE_MEMBER_IMPORT_VISIBILITY = YES;
				SWIFT_VERSION = 5.0;
				TARGETED_DEVICE_FAMILY = 1;
				XROS_DEPLOYMENT_TARGET = 26.1;
			};
			name = Debug;
		};
		CF7C4EE52F9E7CE8006B681E /* Release */ = {
			isa = XCBuildConfiguration;
			baseConfigurationReferenceAnchor = CF7C4EBF2F9E7CE7006B681E /* MoviesCleanArch */;
			baseConfigurationReferenceRelativePath = Config/Secrets.xcconfig;
			buildSettings = {
				ASSETCATALOG_COMPILER_APPICON_NAME = AppIcon;
				ASSETCATALOG_COMPILER_GLOBAL_ACCENT_COLOR_NAME = AccentColor;
				CODE_SIGN_STYLE = Automatic;
				CURRENT_PROJECT_VERSION = 1;
				DEVELOPMENT_TEAM = 7AYGAZB269;
				ENABLE_APP_SANDBOX = YES;
				ENABLE_HARDENED_RUNTIME = YES;
				ENABLE_PREVIEWS = YES;
				ENABLE_USER_SELECTED_FILES = readonly;
				GENERATE_INFOPLIST_FILE = YES;
				"INFOPLIST_KEY_UIApplicationSceneManifest_Generation[sdk=iphoneos*]" = YES;
				"INFOPLIST_KEY_UIApplicationSceneManifest_Generation[sdk=iphonesimulator*]" = YES;
				"INFOPLIST_KEY_UIApplicationSupportsIndirectInputEvents[sdk=iphoneos*]" = YES;
				"INFOPLIST_KEY_UIApplicationSupportsIndirectInputEvents[sdk=iphonesimulator*]" = YES;
				"INFOPLIST_KEY_UILaunchScreen_Generation[sdk=iphoneos*]" = YES;
				"INFOPLIST_KEY_UILaunchScreen_Generation[sdk=iphonesimulator*]" = YES;
				"INFOPLIST_KEY_UIStatusBarStyle[sdk=iphoneos*]" = UIStatusBarStyleDefault;
				"INFOPLIST_KEY_UIStatusBarStyle[sdk=iphonesimulator*]" = UIStatusBarStyleDefault;
				INFOPLIST_KEY_UISupportedInterfaceOrientations_iPad = "UIInterfaceOrientationPortrait UIInterfaceOrientationPortraitUpsideDown UIInterfaceOrientationLandscapeLeft UIInterfaceOrientationLandscapeRight";
				INFOPLIST_KEY_UISupportedInterfaceOrientations_iPhone = "UIInterfaceOrientationPortrait UIInterfaceOrientationLandscapeLeft UIInterfaceOrientationLandscapeRight";
				IPHONEOS_DEPLOYMENT_TARGET = 26.1;
				LD_RUNPATH_SEARCH_PATHS = "@executable_path/Frameworks";
				"LD_RUNPATH_SEARCH_PATHS[sdk=macosx*]" = "@executable_path/../Frameworks";
				MACOSX_DEPLOYMENT_TARGET = 26.1;
				MARKETING_VERSION = 1.0;
				PRODUCT_BUNDLE_IDENTIFIER = com.amr.MoviesCleanArch;
				PRODUCT_NAME = "$(TARGET_NAME)";
				REGISTER_APP_GROUPS = YES;
				SDKROOT = auto;
				STRING_CATALOG_GENERATE_SYMBOLS = YES;
				SUPPORTED_PLATFORMS = "iphoneos iphonesimulator";
				SUPPORTS_MACCATALYST = NO;
				SWIFT_APPROACHABLE_CONCURRENCY = YES;
				SWIFT_DEFAULT_ACTOR_ISOLATION = MainActor;
				SWIFT_EMIT_LOC_STRINGS = YES;
				SWIFT_UPCOMING_FEATURE_MEMBER_IMPORT_VISIBILITY = YES;
				SWIFT_VERSION = 5.0;
				TARGETED_DEVICE_FAMILY = 1;
				XROS_DEPLOYMENT_TARGET = 26.1;
			};
			name = Release;
		};
		CF7C4EE72F9E7CE8006B681E /* Debug */ = {
			isa = XCBuildConfiguration;
			buildSettings = {
				BUNDLE_LOADER = "$(TEST_HOST)";
				CODE_SIGN_STYLE = Automatic;
				CURRENT_PROJECT_VERSION = 1;
				DEVELOPMENT_TEAM = 7AYGAZB269;
				GENERATE_INFOPLIST_FILE = YES;
				IPHONEOS_DEPLOYMENT_TARGET = 26.1;
				MACOSX_DEPLOYMENT_TARGET = 26.1;
				MARKETING_VERSION = 1.0;
				PRODUCT_BUNDLE_IDENTIFIER = com.amr.MoviesCleanArchTests;
				PRODUCT_NAME = "$(TARGET_NAME)";
				SDKROOT = auto;
				STRING_CATALOG_GENERATE_SYMBOLS = NO;
				SUPPORTED_PLATFORMS = "iphoneos iphonesimulator macosx xros xrsimulator";
				SWIFT_APPROACHABLE_CONCURRENCY = YES;
				SWIFT_EMIT_LOC_STRINGS = NO;
				SWIFT_UPCOMING_FEATURE_MEMBER_IMPORT_VISIBILITY = YES;
				SWIFT_VERSION = 5.0;
				TARGETED_DEVICE_FAMILY = "1,2,7";
				TEST_HOST = "$(BUILT_PRODUCTS_DIR)/MoviesCleanArch.app/$(BUNDLE_EXECUTABLE_FOLDER_PATH)/MoviesCleanArch";
				XROS_DEPLOYMENT_TARGET = 26.1;
			};
			name = Debug;
		};
		CF7C4EE82F9E7CE8006B681E /* Release */ = {
			isa = XCBuildConfiguration;
			buildSettings = {
				BUNDLE_LOADER = "$(TEST_HOST)";
				CODE_SIGN_STYLE = Automatic;
				CURRENT_PROJECT_VERSION = 1;
				DEVELOPMENT_TEAM = 7AYGAZB269;
				GENERATE_INFOPLIST_FILE = YES;
				IPHONEOS_DEPLOYMENT_TARGET = 26.1;
				MACOSX_DEPLOYMENT_TARGET = 26.1;
				MARKETING_VERSION = 1.0;
				PRODUCT_BUNDLE_IDENTIFIER = com.amr.MoviesCleanArchTests;
				PRODUCT_NAME = "$(TARGET_NAME)";
				SDKROOT = auto;
				STRING_CATALOG_GENERATE_SYMBOLS = NO;
				SUPPORTED_PLATFORMS = "iphoneos iphonesimulator macosx xros xrsimulator";
				SWIFT_APPROACHABLE_CONCURRENCY = YES;
				SWIFT_EMIT_LOC_STRINGS = NO;
				SWIFT_UPCOMING_FEATURE_MEMBER_IMPORT_VISIBILITY = YES;
				SWIFT_VERSION = 5.0;
				TARGETED_DEVICE_FAMILY = "1,2,7";
				TEST_HOST = "$(BUILT_PRODUCTS_DIR)/MoviesCleanArch.app/$(BUNDLE_EXECUTABLE_FOLDER_PATH)/MoviesCleanArch";
				XROS_DEPLOYMENT_TARGET = 26.1;
			};
			name = Release;
		};
		CF7C4EEA2F9E7CE8006B681E /* Debug */ = {
			isa = XCBuildConfiguration;
			buildSettings = {
				CODE_SIGN_STYLE = Automatic;
				CURRENT_PROJECT_VERSION = 1;
				DEVELOPMENT_TEAM = 7AYGAZB269;
				GENERATE_INFOPLIST_FILE = YES;
				IPHONEOS_DEPLOYMENT_TARGET = 26.1;
				MACOSX_DEPLOYMENT_TARGET = 26.1;
				MARKETING_VERSION = 1.0;
				PRODUCT_BUNDLE_IDENTIFIER = com.amr.MoviesCleanArchUITests;
				PRODUCT_NAME = "$(TARGET_NAME)";
				SDKROOT = auto;
				STRING_CATALOG_GENERATE_SYMBOLS = NO;
				SUPPORTED_PLATFORMS = "iphoneos iphonesimulator macosx xros xrsimulator";
				SWIFT_APPROACHABLE_CONCURRENCY = YES;
				SWIFT_EMIT_LOC_STRINGS = NO;
				SWIFT_UPCOMING_FEATURE_MEMBER_IMPORT_VISIBILITY = YES;
				SWIFT_VERSION = 5.0;
				TARGETED_DEVICE_FAMILY = "1,2,7";
				TEST_TARGET_NAME = MoviesCleanArch;
				XROS_DEPLOYMENT_TARGET = 26.1;
			};
			name = Debug;
		};
		CF7C4EEB2F9E7CE8006B681E /* Release */ = {
			isa = XCBuildConfiguration;
			buildSettings = {
				CODE_SIGN_STYLE = Automatic;
				CURRENT_PROJECT_VERSION = 1;
				DEVELOPMENT_TEAM = 7AYGAZB269;
				GENERATE_INFOPLIST_FILE = YES;
				IPHONEOS_DEPLOYMENT_TARGET = 26.1;
				MACOSX_DEPLOYMENT_TARGET = 26.1;
				MARKETING_VERSION = 1.0;
				PRODUCT_BUNDLE_IDENTIFIER = com.amr.MoviesCleanArchUITests;
				PRODUCT_NAME = "$(TARGET_NAME)";
				SDKROOT = auto;
				STRING_CATALOG_GENERATE_SYMBOLS = NO;
				SUPPORTED_PLATFORMS = "iphoneos iphonesimulator macosx xros xrsimulator";
				SWIFT_APPROACHABLE_CONCURRENCY = YES;
				SWIFT_EMIT_LOC_STRINGS = NO;
				SWIFT_UPCOMING_FEATURE_MEMBER_IMPORT_VISIBILITY = YES;
				SWIFT_VERSION = 5.0;
				TARGETED_DEVICE_FAMILY = "1,2,7";
				TEST_TARGET_NAME = MoviesCleanArch;
				XROS_DEPLOYMENT_TARGET = 26.1;
			};
			name = Release;
		};
/* End XCBuildConfiguration section */

/* Begin XCConfigurationList section */
		CF7C4EB82F9E7CE7006B681E /* Build configuration list for PBXProject "MoviesCleanArch" */ = {
			isa = XCConfigurationList;
			buildConfigurations = (
				CF7C4EE12F9E7CE8006B681E /* Debug */,
				CF7C4EE22F9E7CE8006B681E /* Release */,
			);
			defaultConfigurationIsVisible = 0;
			defaultConfigurationName = Release;
		};
		CF7C4EE32F9E7CE8006B681E /* Build configuration list for PBXNativeTarget "MoviesCleanArch" */ = {
			isa = XCConfigurationList;
			buildConfigurations = (
				CF7C4EE42F9E7CE8006B681E /* Debug */,
				CF7C4EE52F9E7CE8006B681E /* Release */,
			);
			defaultConfigurationIsVisible = 0;
			defaultConfigurationName = Release;
		};
		CF7C4EE62F9E7CE8006B681E /* Build configuration list for PBXNativeTarget "MoviesCleanArchTests" */ = {
			isa = XCConfigurationList;
			buildConfigurations = (
				CF7C4EE72F9E7CE8006B681E /* Debug */,
				CF7C4EE82F9E7CE8006B681E /* Release */,
			);
			defaultConfigurationIsVisible = 0;
			defaultConfigurationName = Release;
		};
		CF7C4EE92F9E7CE8006B681E /* Build configuration list for PBXNativeTarget "MoviesCleanArchUITests" */ = {
			isa = XCConfigurationList;
			buildConfigurations = (
				CF7C4EEA2F9E7CE8006B681E /* Debug */,
				CF7C4EEB2F9E7CE8006B681E /* Release */,
			);
			defaultConfigurationIsVisible = 0;
			defaultConfigurationName = Release;
		};
/* End XCConfigurationList section */

/* Begin XCLocalSwiftPackageReference section */
		CF44C4B72F9E8774004D854B /* XCLocalSwiftPackageReference "Packages/Domain" */ = {
			isa = XCLocalSwiftPackageReference;
			relativePath = Packages/Domain;
		};
		CF44C4BA2F9E878E004D854B /* XCLocalSwiftPackageReference "Packages/Data" */ = {
			isa = XCLocalSwiftPackageReference;
			relativePath = Packages/Data;
		};
/* End XCLocalSwiftPackageReference section */

/* Begin XCSwiftPackageProductDependency section */
		CF44C4B82F9E8774004D854B /* Domain */ = {
			isa = XCSwiftPackageProductDependency;
			productName = Domain;
		};
		CF44C4BB2F9E878E004D854B /* Data */ = {
			isa = XCSwiftPackageProductDependency;
			productName = Data;
		};
/* End XCSwiftPackageProductDependency section */
	};
	rootObject = CF7C4EB52F9E7CE7006B681E /* Project object */;
}
